
Microsoft Visual Studio Solution File, Format Version 12.00
# Visual Studio 14
VisualStudioVersion = 14.0.25420.1
MinimumVisualStudioVersion = 10.0.40219.1
Project("{FAE04EC0-301F-11D3-BF4B-00C04F79EFBC}") = "Transportation_Models_Sichkar_Valentyn", "Transportation_Models_Sichkar_Valentyn\Transportation_Models_Sichkar_Valentyn.csproj", "{F5232C53-A7A0-4F12-9310-E2B8493644CC}"
EndProject
Global
	GlobalSection(SolutionConfigurationPlatforms) = preSolution
		Debug|Any CPU = Debug|Any CPU
		Release|Any CPU = Release|Any CPU
	EndGlobalSection
	GlobalSection(ProjectConfigurationPlatforms) = postSolution
		{F5232C53-A7A0-4F12-9310-E2B8493644CC}.Debug|Any CPU.ActiveCfg = Debug|Any CPU
		{F5232C53-A7A0-4F12-9310-E2B8493644CC}.Debug|Any CPU.Build.0 = Debug|Any CPU
		{F5232C53-A7A0-4F12-9310-E2B8493644CC}.Release|Any CPU.ActiveCfg = Release|Any CPU
		{F5232C53-A7A0-4F12-9310-E2B8493644CC}.Release|Any CPU.Build.0 = Release|Any CPU
	EndGlobalSection
	GlobalSection(SolutionProperties) = preSolution
		HideSolutionNode = FALSE
	EndGlobalSection
EndGlobal
